
Microsoft Visual Studio Solution File, Format Version 12.00
# Visual Studio Version 17
VisualStudioVersion = 17.7.34202.233
MinimumVisualStudioVersion = 10.0.40219.1
Project("{FAE04EC0-301F-11D3-BF4B-00C04F79EFBC}") = "BaiTapCuaNhom", "BaiTapCuaNhom\BaiTapCuaNhom.csproj", "{F513F936-5F94-48C8-ADD4-7DF065C74A81}"
EndProject
Global
	GlobalSection(SolutionConfigurationPlatforms) = preSolution
		Debug|Any CPU = Debug|Any CPU
		Release|Any CPU = Release|Any CPU
	EndGlobalSection
	GlobalSection(ProjectConfigurationPlatforms) = postSolution
		{F513F936-5F94-48C8-ADD4-7DF065C74A81}.Debug|Any CPU.ActiveCfg = Debug|Any CPU
		{F513F936-5F94-48C8-ADD4-7DF065C74A81}.Debug|Any CPU.Build.0 = Debug|Any CPU
		{F513F936-5F94-48C8-ADD4-7DF065C74A81}.Release|Any CPU.ActiveCfg = Release|Any CPU
		{F513F936-5F94-48C8-ADD4-7DF065C74A81}.Release|Any CPU.Build.0 = Release|Any CPU
	EndGlobalSection
	GlobalSection(SolutionProperties) = preSolution
		HideSolutionNode = FALSE
	EndGlobalSection
	GlobalSection(ExtensibilityGlobals) = postSolution
		SolutionGuid = {89BD173A-23DD-4979-8865-A33CEF994A68}
	EndGlobalSection
EndGlobal
